PODS:
  - Alamofire (4.3.0)
  - FoldingCell (2.0.3)
  - Gloss (1.2.1)
  - SVProgressHUD (2.0.3)

DEPENDENCIES:
  - Alamofire (= 4.3.0)
  - FoldingCell (~> 2.0.3)
  - Gloss (~> 1.2)
  - SVProgressHUD (~> 2.0.3)

SPEC CHECKSUMS:
  Alamofire: 856a113053a7bc9cbe5d6367a555d773fc5cfef7
  FoldingCell: 2f3113051609167776743415fc00ed877ac6d62c
  Gloss: 9ab33b8ede01e4232571d43a6bf9259b85d1de69
  SVProgressHUD: b0830714205bea1317ea1a2ebc71e5633af334d4

PODFILE CHECKSUM: 36e628947337f9dc1e12dc648ab1488fcac49f1d

COCOAPODS: 1.4.0
