// !$*UTF8*$!
{
	archiveVersion = 1;
	classes = {
	};
	objectVersion = 46;
	objects = {

/* Begin PBXBuildFile section */
		22DFD2401D12D94000CC255C /* CafeOverAllViewController.swift in Sources */ = {isa = PBXBuildFile; fileRef = 22DFD23F1D12D94000CC255C /* CafeOverAllViewController.swift */; };
		22DFD2461D12DA9800CC255C /* CafeTableViewCell.swift in Sources */ = {isa = PBXBuildFile; fileRef = 22DFD2451D12DA9800CC255C /* CafeTableViewCell.swift */; };
		22DFD2481D12DBF600CC255C /* CafeListViewModel.swift in Sources */ = {isa = PBXBuildFile; fileRef = 22DFD2471D12DBF500CC255C /* CafeListViewModel.swift */; };
		22DFD24C1D12DD6300CC255C /* FSCafeData.swift in Sources */ = {isa = PBXBuildFile; fileRef = 22DFD24B1D12DD6300CC255C /* FSCafeData.swift */; };
		22DFD2511D13F21D00CC255C /* CafeShopItem.swift in Sources */ = {isa = PBXBuildFile; fileRef = 22DFD2501D13F21D00CC255C /* CafeShopItem.swift */; };
		22DFD2531D13F84300CC255C /* TableViewBindingHelper.swift in Sources */ = {isa = PBXBuildFile; fileRef = 22DFD2521D13F84300CC255C /* TableViewBindingHelper.swift */; };
		22DFD2551D14075200CC255C /* Utilities.swift in Sources */ = {isa = PBXBuildFile; fileRef = 22DFD2541D14075200CC255C /* Utilities.swift */; };
		22DFD2561D14103E00CC255C /* CoreLocation.framework in Frameworks */ = {isa = PBXBuildFile; fileRef = 22E495071D11A49F006C026F /* CoreLocation.framework */; };
		22DFD25B1D14112600CC255C /* Pods_Exercise1.framework in Frameworks */ = {isa = PBXBuildFile; fileRef = C72DD44DEEAAD6648B1C7F11 /* Pods_Exercise1.framework */; };
		22DFD25C1D14112600CC255C /* Pods_Exercise1.framework in Embed Frameworks */ = {isa = PBXBuildFile; fileRef = C72DD44DEEAAD6648B1C7F11 /* Pods_Exercise1.framework */; settings = {ATTRIBUTES = (CodeSignOnCopy, RemoveHeadersOnCopy, ); }; };
		22DFD25F1D14324500CC255C /* ShopList.swift in Sources */ = {isa = PBXBuildFile; fileRef = 22DFD25E1D14324500CC255C /* ShopList.swift */; };
		22DFD2611D14B5A400CC255C /* MapViewHelper.swift in Sources */ = {isa = PBXBuildFile; fileRef = 22DFD2601D14B5A400CC255C /* MapViewHelper.swift */; };
		22DFD2671D160EE400CC255C /* CafeListViewModelTests.swift in Sources */ = {isa = PBXBuildFile; fileRef = 22DFD2661D160EE400CC255C /* CafeListViewModelTests.swift */; };
		22E494DA1D1199FE006C026F /* AppDelegate.swift in Sources */ = {isa = PBXBuildFile; fileRef = 22E494D91D1199FE006C026F /* AppDelegate.swift */; };
		22E494DF1D1199FE006C026F /* Main.storyboard in Resources */ = {isa = PBXBuildFile; fileRef = 22E494DD1D1199FE006C026F /* Main.storyboard */; };
		22E494E11D1199FE006C026F /* Assets.xcassets in Resources */ = {isa = PBXBuildFile; fileRef = 22E494E01D1199FE006C026F /* Assets.xcassets */; };
		22E494E41D1199FE006C026F /* LaunchScreen.storyboard in Resources */ = {isa = PBXBuildFile; fileRef = 22E494E21D1199FE006C026F /* LaunchScreen.storyboard */; };
		22E4950D1D11A633006C026F /* CafeViewController.swift in Sources */ = {isa = PBXBuildFile; fileRef = 22E4950C1D11A633006C026F /* CafeViewController.swift */; };
		22E495101D12BDE6006C026F /* FSLocation.swift in Sources */ = {isa = PBXBuildFile; fileRef = 22E4950F1D12BDE6006C026F /* FSLocation.swift */; };
		22E495121D12BE2C006C026F /* FSStats.swift in Sources */ = {isa = PBXBuildFile; fileRef = 22E495111D12BE2C006C026F /* FSStats.swift */; };
		22E495141D12BE5A006C026F /* FSVenue.swift in Sources */ = {isa = PBXBuildFile; fileRef = 22E495131D12BE5A006C026F /* FSVenue.swift */; };
		22E495161D12BE8A006C026F /* FSContact.swift in Sources */ = {isa = PBXBuildFile; fileRef = 22E495151D12BE8A006C026F /* FSContact.swift */; };
		22E4951B1D12BFC4006C026F /* UserPosition.swift in Sources */ = {isa = PBXBuildFile; fileRef = 22E4951A1D12BFC4006C026F /* UserPosition.swift */; };
		22E4951D1D12C123006C026F /* CurrentSpot.swift in Sources */ = {isa = PBXBuildFile; fileRef = 22E4951C1D12C123006C026F /* CurrentSpot.swift */; };
		95F787EB2F05DB3401DA3456 /* Pods_Exercise1Tests.framework in Frameworks */ = {isa = PBXBuildFile; fileRef = 49E3E9ECBE63A0279D9CD752 /* Pods_Exercise1Tests.framework */; settings = {ATTRIBUTES = (Weak, ); }; };
/* End PBXBuildFile section */

/* Begin PBXContainerItemProxy section */
		22E494EB1D1199FE006C026F /* PBXContainerItemProxy */ = {
			isa = PBXContainerItemProxy;
			containerPortal = 22E494CE1D1199FE006C026F /* Project object */;
			proxyType = 1;
			remoteGlobalIDString = 22E494D51D1199FE006C026F;
			remoteInfo = Exercise1;
		};
/* End PBXContainerItemProxy section */

/* Begin PBXCopyFilesBuildPhase section */
		22DFD25D1D14112600CC255C /* Embed Frameworks */ = {
			isa = PBXCopyFilesBuildPhase;
			buildActionMask = 2147483647;
			dstPath = "";
			dstSubfolderSpec = 10;
			files = (
				22DFD25C1D14112600CC255C /* Pods_Exercise1.framework in Embed Frameworks */,
			);
			name = "Embed Frameworks";
			runOnlyForDeploymentPostprocessing = 0;
		};
/* End PBXCopyFilesBuildPhase section */

/* Begin PBXFileReference section */
		22DFD23F1D12D94000CC255C /* CafeOverAllViewController.swift */ = {isa = PBXFileReference; fileEncoding = 4; lastKnownFileType = sourcecode.swift; name = CafeOverAllViewController.swift; path = View/CafeOverAllViewController.swift; sourceTree = "<group>"; };
		22DFD2451D12DA9800CC255C /* CafeTableViewCell.swift */ = {isa = PBXFileReference; fileEncoding = 4; lastKnownFileType = sourcecode.swift; name = CafeTableViewCell.swift; path = View/CafeTableViewCell.swift; sourceTree = "<group>"; };
		22DFD2471D12DBF500CC255C /* CafeListViewModel.swift */ = {isa = PBXFileReference; fileEncoding = 4; lastKnownFileType = sourcecode.swift; name = CafeListViewModel.swift; path = ViewModel/CafeListViewModel.swift; sourceTree = "<group>"; };
		22DFD24B1D12DD6300CC255C /* FSCafeData.swift */ = {isa = PBXFileReference; fileEncoding = 4; lastKnownFileType = sourcecode.swift; name = FSCafeData.swift; path = Model/FSCafeData.swift; sourceTree = "<group>"; };
		22DFD2501D13F21D00CC255C /* CafeShopItem.swift */ = {isa = PBXFileReference; fileEncoding = 4; lastKnownFileType = sourcecode.swift; name = CafeShopItem.swift; path = Model/CafeShopItem.swift; sourceTree = "<group>"; };
		22DFD2521D13F84300CC255C /* TableViewBindingHelper.swift */ = {isa = PBXFileReference; fileEncoding = 4; lastKnownFileType = sourcecode.swift; name = TableViewBindingHelper.swift; path = Utils/TableViewBindingHelper.swift; sourceTree = "<group>"; };
		22DFD2541D14075200CC255C /* Utilities.swift */ = {isa = PBXFileReference; fileEncoding = 4; lastKnownFileType = sourcecode.swift; name = Utilities.swift; path = Utils/Utilities.swift; sourceTree = "<group>"; };
		22DFD25E1D14324500CC255C /* ShopList.swift */ = {isa = PBXFileReference; fileEncoding = 4; lastKnownFileType = sourcecode.swift; name = ShopList.swift; path = Model/ShopList.swift; sourceTree = "<group>"; };
		22DFD2601D14B5A400CC255C /* MapViewHelper.swift */ = {isa = PBXFileReference; fileEncoding = 4; lastKnownFileType = sourcecode.swift; name = MapViewHelper.swift; path = Utils/MapViewHelper.swift; sourceTree = "<group>"; };
		22DFD2661D160EE400CC255C /* CafeListViewModelTests.swift */ = {isa = PBXFileReference; fileEncoding = 4; lastKnownFileType = sourcecode.swift; path = CafeListViewModelTests.swift; sourceTree = "<group>"; };
		22DFD26A1D16124700CC255C /* Test-Bridging-Header.h */ = {isa = PBXFileReference; lastKnownFileType = sourcecode.c.h; path = "Test-Bridging-Header.h"; sourceTree = "<group>"; };
		22E494D61D1199FE006C026F /* Exercise1.app */ = {isa = PBXFileReference; explicitFileType = wrapper.application; includeInIndex = 0; path = Exercise1.app; sourceTree = BUILT_PRODUCTS_DIR; };
		22E494D91D1199FE006C026F /* AppDelegate.swift */ = {isa = PBXFileReference; lastKnownFileType = sourcecode.swift; path = AppDelegate.swift; sourceTree = "<group>"; };
		22E494DE1D1199FE006C026F /* Base */ = {isa = PBXFileReference; lastKnownFileType = file.storyboard; name = Base; path = Base.lproj/Main.storyboard; sourceTree = "<group>"; };
		22E494E01D1199FE006C026F /* Assets.xcassets */ = {isa = PBXFileReference; lastKnownFileType = folder.assetcatalog; path = Assets.xcassets; sourceTree = "<group>"; };
		22E494E31D1199FE006C026F /* Base */ = {isa = PBXFileReference; lastKnownFileType = file.storyboard; name = Base; path = Base.lproj/LaunchScreen.storyboard; sourceTree = "<group>"; };
		22E494E51D1199FE006C026F /* Info.plist */ = {isa = PBXFileReference; lastKnownFileType = text.plist.xml; path = Info.plist; sourceTree = "<group>"; };
		22E494EA1D1199FE006C026F /* Exercise1Tests.xctest */ = {isa = PBXFileReference; explicitFileType = wrapper.cfbundle; includeInIndex = 0; path = Exercise1Tests.xctest; sourceTree = BUILT_PRODUCTS_DIR; };
		22E495071D11A49F006C026F /* CoreLocation.framework */ = {isa = PBXFileReference; lastKnownFileType = wrapper.framework; name = CoreLocation.framework; path = System/Library/Frameworks/CoreLocation.framework; sourceTree = SDKROOT; };
		22E4950C1D11A633006C026F /* CafeViewController.swift */ = {isa = PBXFileReference; fileEncoding = 4; lastKnownFileType = sourcecode.swift; name = CafeViewController.swift; path = View/CafeViewController.swift; sourceTree = "<group>"; };
		22E4950F1D12BDE6006C026F /* FSLocation.swift */ = {isa = PBXFileReference; fileEncoding = 4; lastKnownFileType = sourcecode.swift; name = FSLocation.swift; path = Model/FSLocation.swift; sourceTree = "<group>"; };
		22E495111D12BE2C006C026F /* FSStats.swift */ = {isa = PBXFileReference; fileEncoding = 4; lastKnownFileType = sourcecode.swift; name = FSStats.swift; path = Model/FSStats.swift; sourceTree = "<group>"; };
		22E495131D12BE5A006C026F /* FSVenue.swift */ = {isa = PBXFileReference; fileEncoding = 4; lastKnownFileType = sourcecode.swift; name = FSVenue.swift; path = Model/FSVenue.swift; sourceTree = "<group>"; };
		22E495151D12BE8A006C026F /* FSContact.swift */ = {isa = PBXFileReference; fileEncoding = 4; lastKnownFileType = sourcecode.swift; name = FSContact.swift; path = Model/FSContact.swift; sourceTree = "<group>"; };
		22E495171D12BF3D006C026F /* Exercise1-Bridging-Header.h */ = {isa = PBXFileReference; lastKnownFileType = sourcecode.c.h; path = "Exercise1-Bridging-Header.h"; sourceTree = "<group>"; };
		22E4951A1D12BFC4006C026F /* UserPosition.swift */ = {isa = PBXFileReference; fileEncoding = 4; lastKnownFileType = sourcecode.swift; name = UserPosition.swift; path = Model/UserPosition.swift; sourceTree = "<group>"; };
		22E4951C1D12C123006C026F /* CurrentSpot.swift */ = {isa = PBXFileReference; fileEncoding = 4; lastKnownFileType = sourcecode.swift; name = CurrentSpot.swift; path = Model/CurrentSpot.swift; sourceTree = "<group>"; };
		35BA30C8F00A6D0CD3D9CE2D /* Pods-Exercise1.debug.xcconfig */ = {isa = PBXFileReference; includeInIndex = 1; lastKnownFileType = text.xcconfig; name = "Pods-Exercise1.debug.xcconfig"; path = "Pods/Target Support Files/Pods-Exercise1/Pods-Exercise1.debug.xcconfig"; sourceTree = "<group>"; };
		4824C8336E7A89446C3ABD3C /* Pods-Exercise1Tests.release.xcconfig */ = {isa = PBXFileReference; includeInIndex = 1; lastKnownFileType = text.xcconfig; name = "Pods-Exercise1Tests.release.xcconfig"; path = "Pods/Target Support Files/Pods-Exercise1Tests/Pods-Exercise1Tests.release.xcconfig"; sourceTree = "<group>"; };
		49E3E9ECBE63A0279D9CD752 /* Pods_Exercise1Tests.framework */ = {isa = PBXFileReference; explicitFileType = wrapper.framework; includeInIndex = 0; path = Pods_Exercise1Tests.framework; sourceTree = BUILT_PRODUCTS_DIR; };
		5E998A226180CB1363343C01 /* Pods-Exercise1Tests.debug.xcconfig */ = {isa = PBXFileReference; includeInIndex = 1; lastKnownFileType = text.xcconfig; name = "Pods-Exercise1Tests.debug.xcconfig"; path = "Pods/Target Support Files/Pods-Exercise1Tests/Pods-Exercise1Tests.debug.xcconfig"; sourceTree = "<group>"; };
		91EB892E670CB8D6FD5D21CB /* Pods-Exercise1.release.xcconfig */ = {isa = PBXFileReference; includeInIndex = 1; lastKnownFileType = text.xcconfig; name = "Pods-Exercise1.release.xcconfig"; path = "Pods/Target Support Files/Pods-Exercise1/Pods-Exercise1.release.xcconfig"; sourceTree = "<group>"; };
		C72DD44DEEAAD6648B1C7F11 /* Pods_Exercise1.framework */ = {isa = PBXFileReference; explicitFileType = wrapper.framework; includeInIndex = 0; path = Pods_Exercise1.framework; sourceTree = BUILT_PRODUCTS_DIR; };
/* End PBXFileReference section */

/* Begin PBXFrameworksBuildPhase section */
		22E494D31D1199FE006C026F /* Frameworks */ = {
			isa = PBXFrameworksBuildPhase;
			buildActionMask = 2147483647;
			files = (
				22DFD25B1D14112600CC255C /* Pods_Exercise1.framework in Frameworks */,
				22DFD2561D14103E00CC255C /* CoreLocation.framework in Frameworks */,
			);
			runOnlyForDeploymentPostprocessing = 0;
		};
		22E494E71D1199FE006C026F /* Frameworks */ = {
			isa = PBXFrameworksBuildPhase;
			buildActionMask = 2147483647;
			files = (
				95F787EB2F05DB3401DA3456 /* Pods_Exercise1Tests.framework in Frameworks */,
			);
			runOnlyForDeploymentPostprocessing = 0;
		};
/* End PBXFrameworksBuildPhase section */

/* Begin PBXGroup section */
		22DFD24F1D13F1DF00CC255C /* WebServiceModel */ = {
			isa = PBXGroup;
			children = (
				22E4950F1D12BDE6006C026F /* FSLocation.swift */,
				22E495111D12BE2C006C026F /* FSStats.swift */,
				22E495131D12BE5A006C026F /* FSVenue.swift */,
				22E495151D12BE8A006C026F /* FSContact.swift */,
			);
			name = WebServiceModel;
			sourceTree = "<group>";
		};
		22E494CD1D1199FE006C026F = {
			isa = PBXGroup;
			children = (
				22E494D81D1199FE006C026F /* Exercise1 */,
				22E494ED1D1199FE006C026F /* Exercise1Tests */,
				22E494D71D1199FE006C026F /* Products */,
				4DA0ACF686B8FF8E8FEAB7F3 /* Pods */,
				35B6B6602C7A202807F9F5B5 /* Frameworks */,
			);
			sourceTree = "<group>";
		};
		22E494D71D1199FE006C026F /* Products */ = {
			isa = PBXGroup;
			children = (
				22E494D61D1199FE006C026F /* Exercise1.app */,
				22E494EA1D1199FE006C026F /* Exercise1Tests.xctest */,
			);
			name = Products;
			sourceTree = "<group>";
		};
		22E494D81D1199FE006C026F /* Exercise1 */ = {
			isa = PBXGroup;
			children = (
				22E495091D11A5A4006C026F /* Model */,
				22E4950A1D11A5AB006C026F /* View */,
				22E4950B1D11A5B1006C026F /* View Model */,
				22E4950E1D11A677006C026F /* Utils */,
				22E494DD1D1199FE006C026F /* Main.storyboard */,
				22E494E21D1199FE006C026F /* LaunchScreen.storyboard */,
				22E494D91D1199FE006C026F /* AppDelegate.swift */,
				22E495171D12BF3D006C026F /* Exercise1-Bridging-Header.h */,
				22E494E01D1199FE006C026F /* Assets.xcassets */,
				22E494E51D1199FE006C026F /* Info.plist */,
			);
			path = Exercise1;
			sourceTree = "<group>";
		};
		22E494ED1D1199FE006C026F /* Exercise1Tests */ = {
			isa = PBXGroup;
			children = (
				22DFD2661D160EE400CC255C /* CafeListViewModelTests.swift */,
				22DFD26A1D16124700CC255C /* Test-Bridging-Header.h */,
			);
			path = Exercise1Tests;
			sourceTree = "<group>";
		};
		22E495091D11A5A4006C026F /* Model */ = {
			isa = PBXGroup;
			children = (
				22DFD24F1D13F1DF00CC255C /* WebServiceModel */,
				22E4951C1D12C123006C026F /* CurrentSpot.swift */,
				22DFD25E1D14324500CC255C /* ShopList.swift */,
				22DFD2501D13F21D00CC255C /* CafeShopItem.swift */,
				22DFD24B1D12DD6300CC255C /* FSCafeData.swift */,
				22E4951A1D12BFC4006C026F /* UserPosition.swift */,
			);
			name = Model;
			sourceTree = "<group>";
		};
		22E4950A1D11A5AB006C026F /* View */ = {
			isa = PBXGroup;
			children = (
				22E4950C1D11A633006C026F /* CafeViewController.swift */,
				22DFD2451D12DA9800CC255C /* CafeTableViewCell.swift */,
				22DFD23F1D12D94000CC255C /* CafeOverAllViewController.swift */,
			);
			name = View;
			sourceTree = "<group>";
		};
		22E4950B1D11A5B1006C026F /* View Model */ = {
			isa = PBXGroup;
			children = (
				22DFD2471D12DBF500CC255C /* CafeListViewModel.swift */,
				22DFD2521D13F84300CC255C /* TableViewBindingHelper.swift */,
				22DFD2601D14B5A400CC255C /* MapViewHelper.swift */,
			);
			name = "View Model";
			sourceTree = "<group>";
		};
		22E4950E1D11A677006C026F /* Utils */ = {
			isa = PBXGroup;
			children = (
				22DFD2541D14075200CC255C /* Utilities.swift */,
			);
			name = Utils;
			sourceTree = "<group>";
		};
		35B6B6602C7A202807F9F5B5 /* Frameworks */ = {
			isa = PBXGroup;
			children = (
				22E495071D11A49F006C026F /* CoreLocation.framework */,
				C72DD44DEEAAD6648B1C7F11 /* Pods_Exercise1.framework */,
				49E3E9ECBE63A0279D9CD752 /* Pods_Exercise1Tests.framework */,
			);
			name = Frameworks;
			sourceTree = "<group>";
		};
		4DA0ACF686B8FF8E8FEAB7F3 /* Pods */ = {
			isa = PBXGroup;
			children = (
				35BA30C8F00A6D0CD3D9CE2D /* Pods-Exercise1.debug.xcconfig */,
				91EB892E670CB8D6FD5D21CB /* Pods-Exercise1.release.xcconfig */,
				5E998A226180CB1363343C01 /* Pods-Exercise1Tests.debug.xcconfig */,
				4824C8336E7A89446C3ABD3C /* Pods-Exercise1Tests.release.xcconfig */,
			);
			name = Pods;
			sourceTree = "<group>";
		};
/* End PBXGroup section */

/* Begin PBXNativeTarget section */
		22E494D51D1199FE006C026F /* Exercise1 */ = {
			isa = PBXNativeTarget;
			buildConfigurationList = 22E494FE1D1199FE006C026F /* Build configuration list for PBXNativeTarget "Exercise1" */;
			buildPhases = (
				1F7614D28FD807726001D695 /* Check Pods Manifest.lock */,
				22E494D21D1199FE006C026F /* Sources */,
				22E494D31D1199FE006C026F /* Frameworks */,
				22E494D41D1199FE006C026F /* Resources */,
				05799D766C26461B4E8BCD3F /* Embed Pods Frameworks */,
				D034D27C0D33DF2FBAAE392A /* Copy Pods Resources */,
				22DFD25D1D14112600CC255C /* Embed Frameworks */,
			);
			buildRules = (
			);
			dependencies = (
			);
			name = Exercise1;
			productName = Exercise1;
			productReference = 22E494D61D1199FE006C026F /* Exercise1.app */;
			productType = "com.apple.product-type.application";
		};
		22E494E91D1199FE006C026F /* Exercise1Tests */ = {
			isa = PBXNativeTarget;
			buildConfigurationList = 22E495011D1199FE006C026F /* Build configuration list for PBXNativeTarget "Exercise1Tests" */;
			buildPhases = (
				8851F3EB6C7A1C7D00CAE652 /* Check Pods Manifest.lock */,
				22E494E61D1199FE006C026F /* Sources */,
				22E494E71D1199FE006C026F /* Frameworks */,
				22E494E81D1199FE006C026F /* Resources */,
				3A12148F1C6479624DC70C0F /* Embed Pods Frameworks */,
				FF032F88781992271D07FA56 /* Copy Pods Resources */,
			);
			buildRules = (
			);
			dependencies = (
				22E494EC1D1199FE006C026F /* PBXTargetDependency */,
			);
			name = Exercise1Tests;
			productName = Exercise1Tests;
			productReference = 22E494EA1D1199FE006C026F /* Exercise1Tests.xctest */;
			productType = "com.apple.product-type.bundle.unit-test";
		};
/* End PBXNativeTarget section */

/* Begin PBXProject section */
		22E494CE1D1199FE006C026F /* Project object */ = {
			isa = PBXProject;
			attributes = {
				LastSwiftUpdateCheck = 0730;
				LastUpgradeCheck = 0730;
				ORGANIZATIONNAME = Roger.Zhang;
				TargetAttributes = {
					22E494D51D1199FE006C026F = {
						CreatedOnToolsVersion = 7.3.1;
					};
					22E494E91D1199FE006C026F = {
						CreatedOnToolsVersion = 7.3.1;
						TestTargetID = 22E494D51D1199FE006C026F;
					};
				};
			};
			buildConfigurationList = 22E494D11D1199FE006C026F /* Build configuration list for PBXProject "Exercise1" */;
			compatibilityVersion = "Xcode 3.2";
			developmentRegion = English;
			hasScannedForEncodings = 0;
			knownRegions = (
				en,
				Base,
			);
			mainGroup = 22E494CD1D1199FE006C026F;
			productRefGroup = 22E494D71D1199FE006C026F /* Products */;
			projectDirPath = "";
			projectRoot = "";
			targets = (
				22E494D51D1199FE006C026F /* Exercise1 */,
				22E494E91D1199FE006C026F /* Exercise1Tests */,
			);
		};
/* End PBXProject section */

/* Begin PBXResourcesBuildPhase section */
		22E494D41D1199FE006C026F /* Resources */ = {
			isa = PBXResourcesBuildPhase;
			buildActionMask = 2147483647;
			files = (
				22E494E41D1199FE006C026F /* LaunchScreen.storyboard in Resources */,
				22E494E11D1199FE006C026F /* Assets.xcassets in Resources */,
				22E494DF1D1199FE006C026F /* Main.storyboard in Resources */,
			);
			runOnlyForDeploymentPostprocessing = 0;
		};
		22E494E81D1199FE006C026F /* Resources */ = {
			isa = PBXResourcesBuildPhase;
			buildActionMask = 2147483647;
			files = (
			);
			runOnlyForDeploymentPostprocessing = 0;
		};
/* End PBXResourcesBuildPhase section */

/* Begin PBXShellScriptBuildPhase section */
		05799D766C26461B4E8BCD3F /* Embed Pods Frameworks */ = {
			isa = PBXShellScriptBuildPhase;
			buildActionMask = 2147483647;
			files = (
			);
			inputPaths = (
			);
			name = "Embed Pods Frameworks";
			outputPaths = (
			);
			runOnlyForDeploymentPostprocessing = 0;
			shellPath = /bin/sh;
			shellScript = "\"${SRCROOT}/Pods/Target Support Files/Pods-Exercise1/Pods-Exercise1-frameworks.sh\"\n";
			showEnvVarsInLog = 0;
		};
		1F7614D28FD807726001D695 /* Check Pods Manifest.lock */ = {
			isa = PBXShellScriptBuildPhase;
			buildActionMask = 2147483647;
			files = (
			);
			inputPaths = (
			);
			name = "Check Pods Manifest.lock";
			outputPaths = (
			);
			runOnlyForDeploymentPostprocessing = 0;
			shellPath = /bin/sh;
			shellScript = "diff \"${PODS_ROOT}/../Podfile.lock\" \"${PODS_ROOT}/Manifest.lock\" > /dev/null\nif [[ $? != 0 ]] ; then\n    cat << EOM\nerror: The sandbox is not in sync with the Podfile.lock. Run 'pod install' or update your CocoaPods installation.\nEOM\n    exit 1\nfi\n";
			showEnvVarsInLog = 0;
		};
		3A12148F1C6479624DC70C0F /* Embed Pods Frameworks */ = {
			isa = PBXShellScriptBuildPhase;
			buildActionMask = 2147483647;
			files = (
			);
			inputPaths = (
			);
			name = "Embed Pods Frameworks";
			outputPaths = (
			);
			runOnlyForDeploymentPostprocessing = 0;
			shellPath = /bin/sh;
			shellScript = "\"${SRCROOT}/Pods/Target Support Files/Pods-Exercise1Tests/Pods-Exercise1Tests-frameworks.sh\"\n";
			showEnvVarsInLog = 0;
		};
		8851F3EB6C7A1C7D00CAE652 /* Check Pods Manifest.lock */ = {
			isa = PBXShellScriptBuildPhase;
			buildActionMask = 2147483647;
			files = (
			);
			inputPaths = (
			);
			name = "Check Pods Manifest.lock";
			outputPaths = (
			);
			runOnlyForDeploymentPostprocessing = 0;
			shellPath = /bin/sh;
			shellScript = "diff \"${PODS_ROOT}/../Podfile.lock\" \"${PODS_ROOT}/Manifest.lock\" > /dev/null\nif [[ $? != 0 ]] ; then\n    cat << EOM\nerror: The sandbox is not in sync with the Podfile.lock. Run 'pod install' or update your CocoaPods installation.\nEOM\n    exit 1\nfi\n";
			showEnvVarsInLog = 0;
		};
		D034D27C0D33DF2FBAAE392A /* Copy Pods Resources */ = {
			isa = PBXShellScriptBuildPhase;
			buildActionMask = 2147483647;
			files = (
			);
			inputPaths = (
			);
			name = "Copy Pods Resources";
			outputPaths = (
			);
			runOnlyForDeploymentPostprocessing = 0;
			shellPath = /bin/sh;
			shellScript = "\"${SRCROOT}/Pods/Target Support Files/Pods-Exercise1/Pods-Exercise1-resources.sh\"\n";
			showEnvVarsInLog = 0;
		};
		FF032F88781992271D07FA56 /* Copy Pods Resources */ = {
			isa = PBXShellScriptBuildPhase;
			buildActionMask = 2147483647;
			files = (
			);
			inputPaths = (
			);
			name = "Copy Pods Resources";
			outputPaths = (
			);
			runOnlyForDeploymentPostprocessing = 0;
			shellPath = /bin/sh;
			shellScript = "\"${SRCROOT}/Pods/Target Support Files/Pods-Exercise1Tests/Pods-Exercise1Tests-resources.sh\"\n";
			showEnvVarsInLog = 0;
		};
/* End PBXShellScriptBuildPhase section */

/* Begin PBXSourcesBuildPhase section */
		22E494D21D1199FE006C026F /* Sources */ = {
			isa = PBXSourcesBuildPhase;
			buildActionMask = 2147483647;
			files = (
				22E495121D12BE2C006C026F /* FSStats.swift in Sources */,
				22DFD2481D12DBF600CC255C /* CafeListViewModel.swift in Sources */,
				22E4951B1D12BFC4006C026F /* UserPosition.swift in Sources */,
				22DFD2531D13F84300CC255C /* TableViewBindingHelper.swift in Sources */,
				22DFD2511D13F21D00CC255C /* CafeShopItem.swift in Sources */,
				22E494DA1D1199FE006C026F /* AppDelegate.swift in Sources */,
				22DFD2461D12DA9800CC255C /* CafeTableViewCell.swift in Sources */,
				22DFD2401D12D94000CC255C /* CafeOverAllViewController.swift in Sources */,
				22DFD2551D14075200CC255C /* Utilities.swift in Sources */,
				22E495101D12BDE6006C026F /* FSLocation.swift in Sources */,
				22E4950D1D11A633006C026F /* CafeViewController.swift in Sources */,
				22E4951D1D12C123006C026F /* CurrentSpot.swift in Sources */,
				22DFD24C1D12DD6300CC255C /* FSCafeData.swift in Sources */,
				22DFD25F1D14324500CC255C /* ShopList.swift in Sources */,
				22DFD2611D14B5A400CC255C /* MapViewHelper.swift in Sources */,
				22E495141D12BE5A006C026F /* FSVenue.swift in Sources */,
				22E495161D12BE8A006C026F /* FSContact.swift in Sources */,
			);
			runOnlyForDeploymentPostprocessing = 0;
		};
		22E494E61D1199FE006C026F /* Sources */ = {
			isa = PBXSourcesBuildPhase;
			buildActionMask = 2147483647;
			files = (
				22DFD2671D160EE400CC255C /* CafeListViewModelTests.swift in Sources */,
			);
			runOnlyForDeploymentPostprocessing = 0;
		};
/* End PBXSourcesBuildPhase section */

/* Begin PBXTargetDependency section */
		22E494EC1D1199FE006C026F /* PBXTargetDependency */ = {
			isa = PBXTargetDependency;
			target = 22E494D51D1199FE006C026F /* Exercise1 */;
			targetProxy = 22E494EB1D1199FE006C026F /* PBXContainerItemProxy */;
		};
/* End PBXTargetDependency section */

/* Begin PBXVariantGroup section */
		22E494DD1D1199FE006C026F /* Main.storyboard */ = {
			isa = PBXVariantGroup;
			children = (
				22E494DE1D1199FE006C026F /* Base */,
			);
			name = Main.storyboard;
			sourceTree = "<group>";
		};
		22E494E21D1199FE006C026F /* LaunchScreen.storyboard */ = {
			isa = PBXVariantGroup;
			children = (
				22E494E31D1199FE006C026F /* Base */,
			);
			name = LaunchScreen.storyboard;
			sourceTree = "<group>";
		};
/* End PBXVariantGroup section */

/* Begin XCBuildConfiguration section */
		22E494FC1D1199FE006C026F /* Debug */ = {
			isa = XCBuildConfiguration;
			buildSettings = {
				ALWAYS_SEARCH_USER_PATHS = NO;
				CLANG_ANALYZER_NONNULL = YES;
				CLANG_CXX_LANGUAGE_STANDARD = "gnu++0x";
				CLANG_CXX_LIBRARY = "libc++";
				CLANG_ENABLE_MODULES = YES;
				CLANG_ENABLE_OBJC_ARC = YES;
				CLANG_WARN_BOOL_CONVERSION = YES;
				CLANG_WARN_CONSTANT_CONVERSION = YES;
				CLANG_WARN_DIRECT_OBJC_ISA_USAGE = YES_ERROR;
				CLANG_WARN_EMPTY_BODY = YES;
				CLANG_WARN_ENUM_CONVERSION = YES;
				CLANG_WARN_INT_CONVERSION = YES;
				CLANG_WARN_OBJC_ROOT_CLASS = YES_ERROR;
				CLANG_WARN_UNREACHABLE_CODE = YES;
				CLANG_WARN__DUPLICATE_METHOD_MATCH = YES;
				"CODE_SIGN_IDENTITY[sdk=iphoneos*]" = "iPhone Developer";
				COPY_PHASE_STRIP = NO;
				DEBUG_INFORMATION_FORMAT = dwarf;
				ENABLE_STRICT_OBJC_MSGSEND = YES;
				ENABLE_TESTABILITY = YES;
				GCC_C_LANGUAGE_STANDARD = gnu99;
				GCC_DYNAMIC_NO_PIC = NO;
				GCC_NO_COMMON_BLOCKS = YES;
				GCC_OPTIMIZATION_LEVEL = 0;
				GCC_PREPROCESSOR_DEFINITIONS = (
					"DEBUG=1",
					"$(inherited)",
				);
				GCC_WARN_64_TO_32_BIT_CONVERSION = YES;
				GCC_WARN_ABOUT_RETURN_TYPE = YES_ERROR;
				GCC_WARN_UNDECLARED_SELECTOR = YES;
				GCC_WARN_UNINITIALIZED_AUTOS = YES_AGGRESSIVE;
				GCC_WARN_UNUSED_FUNCTION = YES;
				GCC_WARN_UNUSED_VARIABLE = YES;
				IPHONEOS_DEPLOYMENT_TARGET = 9.3;
				MTL_ENABLE_DEBUG_INFO = YES;
				ONLY_ACTIVE_ARCH = YES;
				SDKROOT = iphoneos;
				SWIFT_INSTALL_OBJC_HEADER = YES;
				SWIFT_OBJC_BRIDGING_HEADER = "";
				SWIFT_OPTIMIZATION_LEVEL = "-Onone";
			};
			name = Debug;
		};
		22E494FD1D1199FE006C026F /* Release */ = {
			isa = XCBuildConfiguration;
			buildSettings = {
				ALWAYS_SEARCH_USER_PATHS = NO;
				CLANG_ANALYZER_NONNULL = YES;
				CLANG_CXX_LANGUAGE_STANDARD = "gnu++0x";
				CLANG_CXX_LIBRARY = "libc++";
				CLANG_ENABLE_MODULES = YES;
				CLANG_ENABLE_OBJC_ARC = YES;
				CLANG_WARN_BOOL_CONVERSION = YES;
				CLANG_WARN_CONSTANT_CONVERSION = YES;
				CLANG_WARN_DIRECT_OBJC_ISA_USAGE = YES_ERROR;
				CLANG_WARN_EMPTY_BODY = YES;
				CLANG_WARN_ENUM_CONVERSION = YES;
				CLANG_WARN_INT_CONVERSION = YES;
				CLANG_WARN_OBJC_ROOT_CLASS = YES_ERROR;
				CLANG_WARN_UNREACHABLE_CODE = YES;
				CLANG_WARN__DUPLICATE_METHOD_MATCH = YES;
				"CODE_SIGN_IDENTITY[sdk=iphoneos*]" = "iPhone Developer";
				COPY_PHASE_STRIP = NO;
				DEBUG_INFORMATION_FORMAT = "dwarf-with-dsym";
				ENABLE_NS_ASSERTIONS = NO;
				ENABLE_STRICT_OBJC_MSGSEND = YES;
				GCC_C_LANGUAGE_STANDARD = gnu99;
				GCC_NO_COMMON_BLOCKS = YES;
				GCC_WARN_64_TO_32_BIT_CONVERSION = YES;
				GCC_WARN_ABOUT_RETURN_TYPE = YES_ERROR;
				GCC_WARN_UNDECLARED_SELECTOR = YES;
				GCC_WARN_UNINITIALIZED_AUTOS = YES_AGGRESSIVE;
				GCC_WARN_UNUSED_FUNCTION = YES;
				GCC_WARN_UNUSED_VARIABLE = YES;
				IPHONEOS_DEPLOYMENT_TARGET = 9.3;
				MTL_ENABLE_DEBUG_INFO = NO;
				SDKROOT = iphoneos;
				SWIFT_INSTALL_OBJC_HEADER = YES;
				SWIFT_OBJC_BRIDGING_HEADER = "";
				VALIDATE_PRODUCT = YES;
			};
			name = Release;
		};
		22E494FF1D1199FE006C026F /* Debug */ = {
			isa = XCBuildConfiguration;
			baseConfigurationReference = 35BA30C8F00A6D0CD3D9CE2D /* Pods-Exercise1.debug.xcconfig */;
			buildSettings = {
				ASSETCATALOG_COMPILER_APPICON_NAME = AppIcon;
				CLANG_ENABLE_MODULES = YES;
				HEADER_SEARCH_PATHS = (
					"$(inherited)",
					"\"$(PODS_ROOT)/Headers/Public\"",
					"\"$(PODS_ROOT)/Headers/Public/RestKit\"",
					"\"$(PODS_ROOT)/Headers/Public/RestKit/Network\"",
					"\"$(PODS_ROOT)/Headers/Public/RestKit/CoreData\"",
					"\"$(PODS_ROOT)/Headers/Public/RestKit/Support\"",
					"\"$(PODS_ROOT)/Headers/Public/RestKit/ObjectMapping\"",
					"\"${PODS_ROOT}/Headers/Public/RKValueTransformers\"",
					"\"${PODS_ROOT}/Headers/Public/ISO8601DateFormatterValueTransformer\"",
					"\"${PODS_ROOT}/Headers/Public/TransitionKit\"",
					"\"${PODS_ROOT}/Headers/Public/SOCKit\"",
					"\"${PODS_ROOT}/Headers/Public/AFNetworking\"",
				);
				INFOPLIST_FILE = Exercise1/Info.plist;
				LD_RUNPATH_SEARCH_PATHS = "$(inherited) @executable_path/Frameworks";
				PRODUCT_BUNDLE_IDENTIFIER = roger.com.Exercise1;
				PRODUCT_NAME = "$(TARGET_NAME)";
				SWIFT_INSTALL_OBJC_HEADER = YES;
				SWIFT_OBJC_BRIDGING_HEADER = "Exercise1/Exercise1-Bridging-Header.h";
				SWIFT_OPTIMIZATION_LEVEL = "-Onone";
			};
			name = Debug;
		};
		22E495001D1199FE006C026F /* Release */ = {
			isa = XCBuildConfiguration;
			baseConfigurationReference = 91EB892E670CB8D6FD5D21CB /* Pods-Exercise1.release.xcconfig */;
			buildSettings = {
				ASSETCATALOG_COMPILER_APPICON_NAME = AppIcon;
				CLANG_ENABLE_MODULES = YES;
				HEADER_SEARCH_PATHS = (
					"$(inherited)",
					"\"$(PODS_ROOT)/Headers/Public\"",
					"\"$(PODS_ROOT)/Headers/Public/RestKit\"",
					"\"$(PODS_ROOT)/Headers/Public/RestKit/Network\"",
					"\"$(PODS_ROOT)/Headers/Public/RestKit/CoreData\"",
					"\"$(PODS_ROOT)/Headers/Public/RestKit/Support\"",
					"\"$(PODS_ROOT)/Headers/Public/RestKit/ObjectMapping\"",
					"\"${PODS_ROOT}/Headers/Public/RKValueTransformers\"",
					"\"${PODS_ROOT}/Headers/Public/ISO8601DateFormatterValueTransformer\"",
					"\"${PODS_ROOT}/Headers/Public/TransitionKit\"",
					"\"${PODS_ROOT}/Headers/Public/SOCKit\"",
					"\"${PODS_ROOT}/Headers/Public/AFNetworking\"",
				);
				INFOPLIST_FILE = Exercise1/Info.plist;
				LD_RUNPATH_SEARCH_PATHS = "$(inherited) @executable_path/Frameworks";
				PRODUCT_BUNDLE_IDENTIFIER = roger.com.Exercise1;
				PRODUCT_NAME = "$(TARGET_NAME)";
				SWIFT_INSTALL_OBJC_HEADER = YES;
				SWIFT_OBJC_BRIDGING_HEADER = "Exercise1/Exercise1-Bridging-Header.h";
			};
			name = Release;
		};
		22E495021D1199FE006C026F /* Debug */ = {
			isa = XCBuildConfiguration;
			baseConfigurationReference = 5E998A226180CB1363343C01 /* Pods-Exercise1Tests.debug.xcconfig */;
			buildSettings = {
				BUNDLE_LOADER = "$(TEST_HOST)";
				HEADER_SEARCH_PATHS = (
					"\"$(PODS_ROOT)/Headers/Public\"",
					"\"$(PODS_ROOT)/Headers/Public/RestKit\"",
					"\"$(PODS_ROOT)/Headers/Public/RestKit/Support\"",
					"\"$(PODS_ROOT)/Headers/Public/RestKit/ObjectMapping\"",
					"\"$(PODS_ROOT)/Headers/Public/RestKit/CoreData\"",
					"\"$(PODS_ROOT)/Headers/Public/RestKit/Network\"",
					"\"${PODS_ROOT}/Headers/Public/TransitionKit\"",
					"\"${PODS_ROOT}/Headers/Public/RKValueTransformers\"",
					"\"$(PODS_ROOT)/Headers/Public/SOCKit\"",
					"\"${PODS_ROOT}/Headers/Public/ISO8601DateFormatterValueTransformer\"",
					"\"${PODS_ROOT}/Headers/Public/AFNetworking\"",
					"\"$(BUILT_PRODUCTS_DIR)/../../Headers\"",
				);
				INFOPLIST_FILE = Exercise1Tests/Info.plist;
				LD_RUNPATH_SEARCH_PATHS = "$(inherited) @executable_path/Frameworks @loader_path/Frameworks";
				OTHER_CFLAGS = "";
				PRODUCT_BUNDLE_IDENTIFIER = roger.com.Exercise1Tests;
				PRODUCT_NAME = "$(TARGET_NAME)";
				SWIFT_OBJC_BRIDGING_HEADER = "Exercise1Tests/Test-Bridging-Header.h";
				TEST_HOST = "$(BUILT_PRODUCTS_DIR)/Exercise1.app/Exercise1";
			};
			name = Debug;
		};
		22E495031D1199FE006C026F /* Release */ = {
			isa = XCBuildConfiguration;
			baseConfigurationReference = 4824C8336E7A89446C3ABD3C /* Pods-Exercise1Tests.release.xcconfig */;
			buildSettings = {
				BUNDLE_LOADER = "$(TEST_HOST)";
				HEADER_SEARCH_PATHS = (
					"\"$(PODS_ROOT)/Headers/Public\"",
					"\"$(PODS_ROOT)/Headers/Public/RestKit\"",
					"\"$(PODS_ROOT)/Headers/Public/RestKit/Support\"",
					"\"$(PODS_ROOT)/Headers/Public/RestKit/ObjectMapping\"",
					"\"$(PODS_ROOT)/Headers/Public/RestKit/CoreData\"",
					"\"$(PODS_ROOT)/Headers/Public/RestKit/Network\"",
					"\"${PODS_ROOT}/Headers/Public/TransitionKit\"",
					"\"${PODS_ROOT}/Headers/Public/RKValueTransformers\"",
					"\"$(PODS_ROOT)/Headers/Public/SOCKit\"",
					"\"${PODS_ROOT}/Headers/Public/ISO8601DateFormatterValueTransformer\"",
					"\"${PODS_ROOT}/Headers/Public/AFNetworking\"",
					"\"$(BUILT_PRODUCTS_DIR)/../../Headers\"",
				);
				INFOPLIST_FILE = Exercise1Tests/Info.plist;
				LD_RUNPATH_SEARCH_PATHS = "$(inherited) @executable_path/Frameworks @loader_path/Frameworks";
				PRODUCT_BUNDLE_IDENTIFIER = roger.com.Exercise1Tests;
				PRODUCT_NAME = "$(TARGET_NAME)";
				SWIFT_OBJC_BRIDGING_HEADER = "Exercise1Tests/Test-Bridging-Header.h";
				TEST_HOST = "$(BUILT_PRODUCTS_DIR)/Exercise1.app/Exercise1";
			};
			name = Release;
		};
/* End XCBuildConfiguration section */

/* Begin XCConfigurationList section */
		22E494D11D1199FE006C026F /* Build configuration list for PBXProject "Exercise1" */ = {
			isa = XCConfigurationList;
			buildConfigurations = (
				22E494FC1D1199FE006C026F /* Debug */,
				22E494FD1D1199FE006C026F /* Release */,
			);
			defaultConfigurationIsVisible = 0;
			defaultConfigurationName = Release;
		};
		22E494FE1D1199FE006C026F /* Build configuration list for PBXNativeTarget "Exercise1" */ = {
			isa = XCConfigurationList;
			buildConfigurations = (
				22E494FF1D1199FE006C026F /* Debug */,
				22E495001D1199FE006C026F /* Release */,
			);
			defaultConfigurationIsVisible = 0;
			defaultConfigurationName = Release;
		};
		22E495011D1199FE006C026F /* Build configuration list for PBXNativeTarget "Exercise1Tests" */ = {
			isa = XCConfigurationList;
			buildConfigurations = (
				22E495021D1199FE006C026F /* Debug */,
				22E495031D1199FE006C026F /* Release */,
			);
			defaultConfigurationIsVisible = 0;
			defaultConfigurationName = Release;
		};
/* End XCConfigurationList section */
	};
	rootObject = 22E494CE1D1199FE006C026F /* Project object */;
}
